
Microsoft Visual Studio Solution File, Format Version 12.00
# Visual Studio 15
VisualStudioVersion = 15.0.27130.2036
MinimumVisualStudioVersion = 10.0.40219.1
Project("{9A19103F-16F7-4668-BE54-9A1E7A4F7556}") = "SDSCom", "SDSCom\SDSCom.csproj", "{9AD9DFC6-610F-4F60-9D55-1A8234CCA6EE}"
EndProject
Project("{9A19103F-16F7-4668-BE54-9A1E7A4F7556}") = "SDSComTests", "SDSComTests\SDSComTests.csproj", "{0AC71212-9A3C-4E2E-A38D-1D0375732960}"
EndProject
Global
	GlobalSection(SolutionConfigurationPlatforms) = preSolution
		Debug|Any CPU = Debug|Any CPU
		Release|Any CPU = Release|Any CPU
	EndGlobalSection
	GlobalSection(ProjectConfigurationPlatforms) = postSolution
		{9AD9DFC6-610F-4F60-9D55-1A8234CCA6EE}.Debug|Any CPU.ActiveCfg = Debug|Any CPU
		{9AD9DFC6-610F-4F60-9D55-1A8234CCA6EE}.Debug|Any CPU.Build.0 = Debug|Any CPU
		{9AD9DFC6-610F-4F60-9D55-1A8234CCA6EE}.Release|Any CPU.ActiveCfg = Release|Any CPU
		{9AD9DFC6-610F-4F60-9D55-1A8234CCA6EE}.Release|Any CPU.Build.0 = Release|Any CPU
		{0AC71212-9A3C-4E2E-A38D-1D0375732960}.Debug|Any CPU.ActiveCfg = Debug|Any CPU
		{0AC71212-9A3C-4E2E-A38D-1D0375732960}.Debug|Any CPU.Build.0 = Debug|Any CPU
		{0AC71212-9A3C-4E2E-A38D-1D0375732960}.Release|Any CPU.ActiveCfg = Release|Any CPU
		{0AC71212-9A3C-4E2E-A38D-1D0375732960}.Release|Any CPU.Build.0 = Release|Any CPU
	EndGlobalSection
	GlobalSection(SolutionProperties) = preSolution
		HideSolutionNode = FALSE
	EndGlobalSection
	GlobalSection(ExtensibilityGlobals) = postSolution
		SolutionGuid = {1D109710-5C0E-4CFF-A4D6-03C4C9FCE3CB}
	EndGlobalSection
EndGlobal
